<?xml version="1.0" encoding="utf-8"?>
<Project ToolsVersion="4.0" xmlns="http://schemas.microsoft.com/developer/msbuild/2003">
  <ItemGroup>
    <Filter Include="Source Files">
      <UniqueIdentifier>{4FC737F1-C7A5-4376-A066-2A32D752A2FF}</UniqueIdentifier>
      <Extensions>cpp;c;cc;cxx;def;odl;idl;hpj;bat;asm;asmx</Extensions>
    </Filter>
    <Filter Include="Header Files">
      <UniqueIdentifier>{93995380-89BD-4b04-88EB-625FBE52EBFB}</UniqueIdentifier>
      <Extensions>h;hh;hpp;hxx;hm;inl;inc;ipp;xsd</Extensions>
    </Filter>
    <Filter Include="Resource Files">
      <UniqueIdentifier>{67DA6AB6-F800-4c08-8B7A-83BB121AAD01}</UniqueIdentifier>
      <Extensions>rc;ico;cur;bmp;dlg;rc2;rct;bin;rgs;gif;jpg;jpeg;jpe;resx;tiff;tif;png;wav;mfcribbon-ms</Extensions>
    </Filter>
  </ItemGroup>
  <ItemGroup>
    <ClCompile Include="User.cpp">
      <Filter>Source Files</Filter>
    </ClCompile>
    <ClCompile Include="tests.cpp">
      <Filter>Source Files</Filter>
    </ClCompile>
    <ClCompile Include="Utils.cpp">
      <Filter>Source Files</Filter>
    </ClCompile>
    <ClCompile Include="Performer.cpp">
      <Filter>Source Files</Filter>
    </ClCompile>
    <ClCompile Include="Artist.cpp">
      <Filter>Source Files</Filter>
    </ClCompile>
    <ClCompile Include="Film.cpp">
      <Filter>Source Files</Filter>
    </ClCompile>
    <ClCompile Include="Performance.cpp">
      <Filter>Source Files</Filter>
    </ClCompile>
    <ClCompile Include="ServiceArtist.cpp">
      <Filter>Source Files</Filter>
    </ClCompile>
    <ClCompile Include="ServiceFilm.cpp">
      <Filter>Source Files</Filter>
    </ClCompile>
    <ClCompile Include="ServicePerformance.cpp">
      <Filter>Source Files</Filter>
    </ClCompile>
    <ClCompile Include="ServiceUser.cpp">
      <Filter>Source Files</Filter>
    </ClCompile>
    <ClCompile Include="UI.cpp">
      <Filter>Source Files</Filter>
    </ClCompile>
    <ClCompile Include="ValidatorArtist.cpp">
      <Filter>Source Files</Filter>
    </ClCompile>
    <ClCompile Include="ValidatorFilm.cpp">
      <Filter>Source Files</Filter>
    </ClCompile>
    <ClCompile Include="ValidatorPerformance.cpp">
      <Filter>Source Files</Filter>
    </ClCompile>
    <ClCompile Include="app.cpp">
      <Filter>Source Files</Filter>
    </ClCompile>
  </ItemGroup>
  <ItemGroup>
    <ClInclude Include="User.h">
      <Filter>Header Files</Filter>
    </ClInclude>
    <ClInclude Include="tests.h">
      <Filter>Header Files</Filter>
    </ClInclude>
    <ClInclude Include="IRepo.h">
      <Filter>Header Files</Filter>
    </ClInclude>
    <ClInclude Include="Repo.h">
      <Filter>Header Files</Filter>
    </ClInclude>
    <ClInclude Include="RepoFile.h">
      <Filter>Header Files</Filter>
    </ClInclude>
    <ClInclude Include="ExceptiiRepo.h">
      <Filter>Header Files</Filter>
    </ClInclude>
    <ClInclude Include="RepoFileCsv.h">
      <Filter>Header Files</Filter>
    </ClInclude>
    <ClInclude Include="RepoFileTxt.h">
      <Filter>Header Files</Filter>
    </ClInclude>
    <ClInclude Include="Utils.h">
      <Filter>Header Files</Filter>
    </ClInclude>
    <ClInclude Include="Performer.h">
      <Filter>Header Files</Filter>
    </ClInclude>
    <ClInclude Include="Film.h">
      <Filter>Header Files</Filter>
    </ClInclude>
    <ClInclude Include="Artist.h">
      <Filter>Header Files</Filter>
    </ClInclude>
    <ClInclude Include="Performance.h">
      <Filter>Header Files</Filter>
    </ClInclude>
    <ClInclude Include="ServiceArtist.h">
      <Filter>Header Files</Filter>
    </ClInclude>
    <ClInclude Include="ServiceFilm.h">
      <Filter>Header Files</Filter>
    </ClInclude>
    <ClInclude Include="ServicePerformance.h">
      <Filter>Header Files</Filter>
    </ClInclude>
    <ClInclude Include="UI.h">
      <Filter>Header Files</Filter>
    </ClInclude>
    <ClInclude Include="ServiceUser.h">
      <Filter>Header Files</Filter>
    </ClInclude>
    <ClInclude Include="ExceptionsPerformance.h">
      <Filter>Header Files</Filter>
    </ClInclude>
    <ClInclude Include="ValidatorArtist.h">
      <Filter>Header Files</Filter>
    </ClInclude>
    <ClInclude Include="ValidatorFilm.h">
      <Filter>Header Files</Filter>
    </ClInclude>
    <ClInclude Include="ValidatorPerformance.h">
      <Filter>Header Files</Filter>
    </ClInclude>
  </ItemGroup>
  <ItemGroup>
    <Text Include="users_tests.txt" />
    <Text Include="Artists.txt" />
    <Text Include="Films.txt" />
    <Text Include="Performances.txt" />
    <Text Include="Users.txt" />
  </ItemGroup>
  <ItemGroup>
    <None Include="users_tests.csv" />
    <None Include="Artists.csv" />
    <None Include="Films.csv" />
    <None Include="Performances.csv" />
  </ItemGroup>
</Project>